
Microsoft Visual Studio Solution File, Format Version 12.00
# Visual Studio Version 16
VisualStudioVersion = 16.0.30011.22
MinimumVisualStudioVersion = 10.0.40219.1
Project("{FAE04EC0-301F-11D3-BF4B-00C04F79EFBC}") = "BloodAlliance", "BloodAlliance\BloodAlliance.csproj", "{23ABAEBC-6269-4571-9109-F7DBF7E40AF1}"
EndProject
Global
	GlobalSection(SolutionConfigurationPlatforms) = preSolution
		Debug|Any CPU = Debug|Any CPU
		Release|Any CPU = Release|Any CPU
	EndGlobalSection
	GlobalSection(ProjectConfigurationPlatforms) = postSolution
		{23ABAEBC-6269-4571-9109-F7DBF7E40AF1}.Debug|Any CPU.ActiveCfg = Debug|Any CPU
		{23ABAEBC-6269-4571-9109-F7DBF7E40AF1}.Debug|Any CPU.Build.0 = Debug|Any CPU
		{23ABAEBC-6269-4571-9109-F7DBF7E40AF1}.Release|Any CPU.ActiveCfg = Release|Any CPU
		{23ABAEBC-6269-4571-9109-F7DBF7E40AF1}.Release|Any CPU.Build.0 = Release|Any CPU
	EndGlobalSection
	GlobalSection(SolutionProperties) = preSolution
		HideSolutionNode = FALSE
	EndGlobalSection
	GlobalSection(ExtensibilityGlobals) = postSolution
		SolutionGuid = {4E4AF54F-D699-4897-83CE-366F70AD5ACC}
	EndGlobalSection
EndGlobal
